
Microsoft Visual Studio Solution File, Format Version 12.00
# Visual Studio 15
VisualStudioVersion = 15.0.27004.2009
MinimumVisualStudioVersion = 10.0.40219.1
Project("{9A19103F-16F7-4668-BE54-9A1E7A4F7556}") = "Message.API", "Message.Api\Message.API.csproj", "{0D0576EB-074D-45C2-AB3D-ED15BDA6788E}"
EndProject
Project("{E53339B2-1760-4266-BCC7-CA923CBCF16C}") = "docker-compose", "docker-compose.dcproj", "{62E15CE6-24CD-44D0-86A0-91037621CC65}"
EndProject
Project("{FAE04EC0-301F-11D3-BF4B-00C04F79EFBC}") = "NotificationService", "NotificationService\NotificationService.csproj", "{7872C944-508C-4E95-BCF1-54F0B513C696}"
EndProject
Global
	GlobalSection(SolutionConfigurationPlatforms) = preSolution
		Debug|Any CPU = Debug|Any CPU
		Release|Any CPU = Release|Any CPU
	EndGlobalSection
	GlobalSection(ProjectConfigurationPlatforms) = postSolution
		{0D0576EB-074D-45C2-AB3D-ED15BDA6788E}.Debug|Any CPU.ActiveCfg = Debug|Any CPU
		{0D0576EB-074D-45C2-AB3D-ED15BDA6788E}.Debug|Any CPU.Build.0 = Debug|Any CPU
		{0D0576EB-074D-45C2-AB3D-ED15BDA6788E}.Release|Any CPU.ActiveCfg = Release|Any CPU
		{0D0576EB-074D-45C2-AB3D-ED15BDA6788E}.Release|Any CPU.Build.0 = Release|Any CPU
		{62E15CE6-24CD-44D0-86A0-91037621CC65}.Debug|Any CPU.ActiveCfg = Debug|Any CPU
		{62E15CE6-24CD-44D0-86A0-91037621CC65}.Debug|Any CPU.Build.0 = Debug|Any CPU
		{62E15CE6-24CD-44D0-86A0-91037621CC65}.Release|Any CPU.ActiveCfg = Release|Any CPU
		{62E15CE6-24CD-44D0-86A0-91037621CC65}.Release|Any CPU.Build.0 = Release|Any CPU
		{7872C944-508C-4E95-BCF1-54F0B513C696}.Debug|Any CPU.ActiveCfg = Debug|Any CPU
		{7872C944-508C-4E95-BCF1-54F0B513C696}.Debug|Any CPU.Build.0 = Debug|Any CPU
		{7872C944-508C-4E95-BCF1-54F0B513C696}.Release|Any CPU.ActiveCfg = Release|Any CPU
		{7872C944-508C-4E95-BCF1-54F0B513C696}.Release|Any CPU.Build.0 = Release|Any CPU
	EndGlobalSection
	GlobalSection(SolutionProperties) = preSolution
		HideSolutionNode = FALSE
	EndGlobalSection
	GlobalSection(ExtensibilityGlobals) = postSolution
		SolutionGuid = {1EC05CF0-149A-4EF1-8642-71C944423232}
	EndGlobalSection
EndGlobal
